lockfileVersion: '9.0'

settings:
  autoInstallPeers: true
  excludeLinksFromLockfile: false

importers:

  .:
    dependencies:
      '@metaplex-foundation/mpl-core':
        specifier: ^1.4.0
        version: 1.9.1(@metaplex-foundation/umi@1.5.1)(@noble/hashes@1.8.0)
      '@metaplex-foundation/umi':
        specifier: ^1.4.0
        version: 1.5.1
      '@metaplex-foundation/umi-bundle-defaults':
        specifier: ^1.4.0
        version: 1.5.1(@metaplex-foundation/umi@1.5.1)(@solana/web3.js@1.98.4(bufferutil@4.1.0)(typescript@5.9.3)(utf-8-validate@6.0.6))
    devDependencies:
      '@types/node':
        specifier: ^22.10.0
        version: 22.19.17
      tsx:
        specifier: ^4.19.2
        version: 4.21.0
      typescript:
        specifier: ^5.7.2
        version: 5.9.3

packages:

  '@babel/runtime@7.29.2':
    resolution: {integrity: sha512-JiDShH45zKHWyGe4ZNVRrCjBz8Nh9TMmZG1kh4QTK8hCBTWBi8Da+i7s1fJw7/lYpM4ccepSNfqzZ/QvABBi5g==}
    engines: {node: '>=6.9.0'}

  '@esbuild/aix-ppc64@0.27.7':
    resolution: {integrity: sha512-EKX3Qwmhz1eMdEJokhALr0YiD0lhQNwDqkPYyPhiSwKrh7/4KRjQc04sZ8db+5DVVnZ1LmbNDI1uAMPEUBnQPg==}
    engines: {node: '>=18'}
    cpu: [ppc64]
    os: [aix]

  '@esbuild/android-arm64@0.27.7':
    resolution: {integrity: sha512-62dPZHpIXzvChfvfLJow3q5dDtiNMkwiRzPylSCfriLvZeq0a1bWChrGx/BbUbPwOrsWKMn8idSllklzBy+dgQ==}
    engines: {node: '>=18'}
    cpu: [arm64]
    os: [android]

  '@esbuild/android-arm@0.27.7':
    resolution: {integrity: sha512-jbPXvB4Yj2yBV7HUfE2KHe4GJX51QplCN1pGbYjvsyCZbQmies29EoJbkEc+vYuU5o45AfQn37vZlyXy4YJ8RQ==}
    engines: {node: '>=18'}
    cpu: [arm]
    os: [android]

  '@esbuild/android-x64@0.27.7':
    resolution: {integrity: sha512-x5VpMODneVDb70PYV2VQOmIUUiBtY3D3mPBG8NxVk5CogneYhkR7MmM3yR/uMdITLrC1ml/NV1rj4bMJuy9MCg==}
    engines: {node: '>=18'}
    cpu: [x64]
    os: [android]

  '@esbuild/darwin-arm64@0.27.7':
    resolution: {integrity: sha512-5lckdqeuBPlKUwvoCXIgI2D9/ABmPq3Rdp7IfL70393YgaASt7tbju3Ac+ePVi3KDH6N2RqePfHnXkaDtY9fkw==}
    engines: {node: '>=18'}
    cpu: [arm64]
    os: [darwin]

  '@esbuild/darwin-x64@0.27.7':
    resolution: {integrity: sha512-rYnXrKcXuT7Z+WL5K980jVFdvVKhCHhUwid+dDYQpH+qu+TefcomiMAJpIiC2EM3Rjtq0sO3StMV/+3w3MyyqQ==}
    engines: {node: '>=18'}
    cpu: [x64]
    os: [darwin]

  '@esbuild/freebsd-arm64@0.27.7':
    resolution: {integrity: sha512-B48PqeCsEgOtzME2GbNM2roU29AMTuOIN91dsMO30t+Ydis3z/3Ngoj5hhnsOSSwNzS+6JppqWsuhTp6E82l2w==}
    engines: {node: '>=18'}
    cpu: [arm64]
    os: [freebsd]

  '@esbuild/freebsd-x64@0.27.7':
    resolution: {integrity: sha512-jOBDK5XEjA4m5IJK3bpAQF9/Lelu/Z9ZcdhTRLf4cajlB+8VEhFFRjWgfy3M1O4rO2GQ/b2dLwCUGpiF/eATNQ==}
    engines: {node: '>=18'}
    cpu: [x64]
    os: [freebsd]

  '@esbuild/linux-arm64@0.27.7':
    resolution: {integrity: sha512-RZPHBoxXuNnPQO9rvjh5jdkRmVizktkT7TCDkDmQ0W2SwHInKCAV95GRuvdSvA7w4VMwfCjUiPwDi0ZO6Nfe9A==}
    engines: {node: '>=18'}
    cpu: [arm64]
    os: [linux]

  '@esbuild/linux-arm@0.27.7':
    resolution: {integrity: sha512-RkT/YXYBTSULo3+af8Ib0ykH8u2MBh57o7q/DAs3lTJlyVQkgQvlrPTnjIzzRPQyavxtPtfg0EopvDyIt0j1rA==}
    engines: {node: '>=18'}
    cpu: [arm]
    os: [linux]

  '@esbuild/linux-ia32@0.27.7':
    resolution: {integrity: sha512-GA48aKNkyQDbd3KtkplYWT102C5sn/EZTY4XROkxONgruHPU72l+gW+FfF8tf2cFjeHaRbWpOYa/uRBz/Xq1Pg==}
    engines: {node: '>=18'}
    cpu: [ia32]
    os: [linux]

  '@esbuild/linux-loong64@0.27.7':
    resolution: {integrity: sha512-a4POruNM2oWsD4WKvBSEKGIiWQF8fZOAsycHOt6JBpZ+JN2n2JH9WAv56SOyu9X5IqAjqSIPTaJkqN8F7XOQ5Q==}
    engines: {node: '>=18'}
    cpu: [loong64]
    os: [linux]

  '@esbuild/linux-mips64el@0.27.7':
    resolution: {integrity: sha512-KabT5I6StirGfIz0FMgl1I+R1H73Gp0ofL9A3nG3i/cYFJzKHhouBV5VWK1CSgKvVaG4q1RNpCTR2LuTVB3fIw==}
    engines: {node: '>=18'}
    cpu: [mips64el]
    os: [linux]

  '@esbuild/linux-ppc64@0.27.7':
    resolution: {integrity: sha512-gRsL4x6wsGHGRqhtI+ifpN/vpOFTQtnbsupUF5R5YTAg+y/lKelYR1hXbnBdzDjGbMYjVJLJTd2OFmMewAgwlQ==}
    engines: {node: '>=18'}
    cpu: [ppc64]
    os: [linux]

  '@esbuild/linux-riscv64@0.27.7':
    resolution: {integrity: sha512-hL25LbxO1QOngGzu2U5xeXtxXcW+/GvMN3ejANqXkxZ/opySAZMrc+9LY/WyjAan41unrR3YrmtTsUpwT66InQ==}
    engines: {node: '>=18'}
    cpu: [riscv64]
    os: [linux]

  '@esbuild/linux-s390x@0.27.7':
    resolution: {integrity: sha512-2k8go8Ycu1Kb46vEelhu1vqEP+UeRVj2zY1pSuPdgvbd5ykAw82Lrro28vXUrRmzEsUV0NzCf54yARIK8r0fdw==}
    engines: {node: '>=18'}
    cpu: [s390x]
    os: [linux]

  '@esbuild/linux-x64@0.27.7':
    resolution: {integrity: sha512-hzznmADPt+OmsYzw1EE33ccA+HPdIqiCRq7cQeL1Jlq2gb1+OyWBkMCrYGBJ+sxVzve2ZJEVeePbLM2iEIZSxA==}
    engines: {node: '>=18'}
    cpu: [x64]
    os: [linux]

  '@esbuild/netbsd-arm64@0.27.7':
    resolution: {integrity: sha512-b6pqtrQdigZBwZxAn1UpazEisvwaIDvdbMbmrly7cDTMFnw/+3lVxxCTGOrkPVnsYIosJJXAsILG9XcQS+Yu6w==}
    engines: {node: '>=18'}
    cpu: [arm64]
    os: [netbsd]

  '@esbuild/netbsd-x64@0.27.7':
    resolution: {integrity: sha512-OfatkLojr6U+WN5EDYuoQhtM+1xco+/6FSzJJnuWiUw5eVcicbyK3dq5EeV/QHT1uy6GoDhGbFpprUiHUYggrw==}
    engines: {node: '>=18'}
    cpu: [x64]
    os: [netbsd]

  '@esbuild/openbsd-arm64@0.27.7':
    resolution: {integrity: sha512-AFuojMQTxAz75Fo8idVcqoQWEHIXFRbOc1TrVcFSgCZtQfSdc1RXgB3tjOn/krRHENUB4j00bfGjyl2mJrU37A==}
    engines: {node: '>=18'}
    cpu: [arm64]
    os: [openbsd]

  '@esbuild/openbsd-x64@0.27.7':
    resolution: {integrity: sha512-+A1NJmfM8WNDv5CLVQYJ5PshuRm/4cI6WMZRg1by1GwPIQPCTs1GLEUHwiiQGT5zDdyLiRM/l1G0Pv54gvtKIg==}
    engines: {node: '>=18'}
    cpu: [x64]
    os: [openbsd]

  '@esbuild/openharmony-arm64@0.27.7':
    resolution: {integrity: sha512-+KrvYb/C8zA9CU/g0sR6w2RBw7IGc5J2BPnc3dYc5VJxHCSF1yNMxTV5LQ7GuKteQXZtspjFbiuW5/dOj7H4Yw==}
    engines: {node: '>=18'}
    cpu: [arm64]
    os: [openharmony]

  '@esbuild/sunos-x64@0.27.7':
    resolution: {integrity: sha512-ikktIhFBzQNt/QDyOL580ti9+5mL/YZeUPKU2ivGtGjdTYoqz6jObj6nOMfhASpS4GU4Q/Clh1QtxWAvcYKamA==}
    engines: {node: '>=18'}
    cpu: [x64]
    os: [sunos]

  '@esbuild/win32-arm64@0.27.7':
    resolution: {integrity: sha512-7yRhbHvPqSpRUV7Q20VuDwbjW5kIMwTHpptuUzV+AA46kiPze5Z7qgt6CLCK3pWFrHeNfDd1VKgyP4O+ng17CA==}
    engines: {node: '>=18'}
    cpu: [arm64]
    os: [win32]

  '@esbuild/win32-ia32@0.27.7':
    resolution: {integrity: sha512-SmwKXe6VHIyZYbBLJrhOoCJRB/Z1tckzmgTLfFYOfpMAx63BJEaL9ExI8x7v0oAO3Zh6D/Oi1gVxEYr5oUCFhw==}
    engines: {node: '>=18'}
    cpu: [ia32]
    os: [win32]

  '@esbuild/win32-x64@0.27.7':
    resolution: {integrity: sha512-56hiAJPhwQ1R4i+21FVF7V8kSD5zZTdHcVuRFMW0hn753vVfQN8xlx4uOPT4xoGH0Z/oVATuR82AiqSTDIpaHg==}
    engines: {node: '>=18'}
    cpu: [x64]
    os: [win32]

  '@metaplex-foundation/mpl-core@1.9.1':
    resolution: {integrity: sha512-cRTzIqjCkXAy9qiM8eR11bCuf/0dQOuZuz/nXVHuFquAaGb6ua8LTpwBu/3jGTx8Fr8svheTxGot2yx02w1PCg==}
    peerDependencies:
      '@metaplex-foundation/umi': '>=0.8.2 <2.0.0'
      '@noble/hashes': ^1.3.1

  '@metaplex-foundation/umi-bundle-defaults@1.5.1':
    resolution: {integrity: sha512-7qoXenAkQbcj468HGAeLZDyg3eEhcS9rWAnGqjnKgWOlL1czL2Qwho0FEtqOv57IHwAJSTpbHbcvABmdpTjjdw==}
    peerDependencies:
      '@metaplex-foundation/umi': ^1.5.1
      '@solana/web3.js': ^1.72.0

  '@metaplex-foundation/umi-downloader-http@1.5.1':
    resolution: {integrity: sha512-1s9gSTaDtwELyxBRE6Wmdr3xWeb4Z1uU04dj3Hg8VU+TN6/3wchh93+rIGZT5D3zzdh4+yPxdYV+4ZEr3T5glQ==}
    peerDependencies:
      '@metaplex-foundation/umi': ^1.5.1

  '@metaplex-foundation/umi-eddsa-web3js@1.5.1':
    resolution: {integrity: sha512-ZlzmXXAa1Ujk00G5TmqXM81J25+k/8sqt0zxBUlLTUSOxzlhxhlUKdErIhpHazbKq+eGck+Onm17oAwVKdKAcw==}
    peerDependencies:
      '@metaplex-foundation/umi': ^1.5.1
      '@solana/web3.js': ^1.72.0

  '@metaplex-foundation/umi-http-fetch@1.5.1':
    resolution: {integrity: sha512-AOjZJo3Ua4a2FvgA85x5f0TkMSb+13Ao3uLIQ9FbScV42kqZnDox8KjJ7tKm1ZtYDlCYD0pSFMKPOC9NPDnHDg==}
    peerDependencies:
      '@metaplex-foundation/umi': ^1.5.1

  '@metaplex-foundation/umi-options@1.5.1':
    resolution: {integrity: sha512-ZE6uXgFA3rElFq4gJxZM2diAqZdFqL65bOnAggwdnnei5XXRzFyNF16wYSqlHnPLvG6ohRHWiXww8d2Mb83xFg==}

  '@metaplex-foundation/umi-program-repository@1.5.1':
    resolution: {integrity: sha512-E5W0IjwFgDGuBTshISbbEh/s8deqxcOzzEjOOlYdMXnevVsfNLwBBIAY4NPJg3v5vpFlKODwUGB5BxCUVthzJg==}
    peerDependencies:
      '@metaplex-foundation/umi': ^1.5.1

  '@metaplex-foundation/umi-public-keys@1.5.1':
    resolution: {integrity: sha512-joTnI1mRtYRfIaTo98uaYRjBPszsdyHuq0vvd6QbSX+MPvu3enkWi+UicuykEc3VXd5tcGdNMiGSx4jgXG6pkw==}

  '@metaplex-foundation/umi-rpc-chunk-get-accounts@1.5.1':
    resolution: {integrity: sha512-3dnGobT1Xwul7fXzQr8660UHSnFOCWEed4T449oNekrVsHp2o00fdOqjXwo11DYhS1rjm+gbzRSazRKb62uF2Q==}
    peerDependencies:
      '@metaplex-foundation/umi': ^1.5.1

  '@metaplex-foundation/umi-rpc-web3js@1.5.1':
    resolution: {integrity: sha512-CxHyruh2gW2b/ZOwHFFtooOgtu9hBrOJTd3HUMtD/jpaturApa3itsL/zNt4K34tELzVIUL7N78LDjNpzbu9Kw==}
    peerDependencies:
      '@metaplex-foundation/umi': ^1.5.1
      '@solana/web3.js': ^1.72.0

  '@metaplex-foundation/umi-serializer-data-view@1.5.1':
    resolution: {integrity: sha512-9Wxqk3bGVJ0xNmHhHrOUhdu/90Q1IT3FZRZN4eGckb0sf7Bgls7kBTkFfgXFmUh2VBnE0GnnncXeHKtop5RSFA==}
    peerDependencies:
      '@metaplex-foundation/umi': ^1.5.1

  '@metaplex-foundation/umi-serializers-core@1.5.1':
    resolution: {integrity: sha512-6nYsbTCLq421x7JT1B3/iNgPpSARj/wL9naoKbOreHrk2ip/4R7vQstVRMl0Gx+Hv2tHnEIbFo3JBtWyC377Qw==}

  '@metaplex-foundation/umi-serializers-encodings@1.5.1':
    resolution: {integrity: sha512-cVvwWmREE/Pmvjvsd50F18P53HDT0vzZECD6uYWIVzxgwpOiRDFu6r/vGbweomHoWzfTvuU6hiKuKv2KsOoXQA==}

  '@metaplex-foundation/umi-serializers-numbers@1.5.1':
    resolution: {integrity: sha512-7DVF1VJIdT44Pe6qWKaqGu4YVgE10OeLMYpm7C16SujSBgQGB/I2bh8NBifyH2R3oHhoyfE9qgIKB3dgRazN6A==}

  '@metaplex-foundation/umi-serializers@1.5.1':
    resolution: {integrity: sha512-scXciBylbJ4iwfxOF1Xx2XiBzoYUD8fSKWTsMal5Rj1hMRDe6b2XZcsBOjio61iAr8aTtFPmKpqxeBdLwmQ0ZQ==}

  '@metaplex-foundation/umi-transaction-factory-web3js@1.5.1':
    resolution: {integrity: sha512-g4NfvtnmXtH1Q/Y9LdCsFtDRHQZmZWW7uKz+N9a+IVsJTTvpWFALMHm66dFDQGa0ExAYxAj7j6uZH2qDn0zarA==}
    peerDependencies:
      '@metaplex-foundation/umi': ^1.5.1
      '@solana/web3.js': ^1.72.0

  '@metaplex-foundation/umi-web3js-adapters@1.5.1':
    resolution: {integrity: sha512-6W3JElD0B0EbgHofVKqk4PbP/JDrUHIKWciM7tEuXTDXbuXbSECDe7qlTU0JZXmVZNfYufI6FHnkCfPys2ZnIQ==}
    peerDependencies:
      '@metaplex-foundation/umi': ^1.5.1
      '@solana/web3.js': ^1.72.0

  '@metaplex-foundation/umi@1.5.1':
    resolution: {integrity: sha512-ONRv5a0kv+23AMlR8oyFBHnjVg3o3N8pUfFcV4gzbg6OgZf87zHsPWBfED3OTJqx267v1bEn6d6DABXNFq9Z3A==}

  '@msgpack/msgpack@3.1.3':
    resolution: {integrity: sha512-47XIizs9XZXvuJgoaJUIE2lFoID8ugvc0jzSHP+Ptfk8nTbnR8g788wv48N03Kx0UkAv559HWRQ3yzOgzlRNUA==}
    engines: {node: '>= 18'}

  '@noble/curves@1.9.7':
    resolution: {integrity: sha512-gbKGcRUYIjA3/zCCNaWDciTMFI0dCkvou3TL8Zmy5Nc7sJ47a0jtOeZoTaMxkuqRo9cRhjOdZJXegxYE5FN/xw==}
    engines: {node: ^14.21.3 || >=16}

  '@noble/hashes@1.8.0':
    resolution: {integrity: sha512-jCs9ldd7NwzpgXDIf6P3+NrHh9/sD6CQdxHyjQI+h/6rDNo88ypBxxz45UDuZHz9r3tNz7N/VInSVoVdtXEI4A==}
    engines: {node: ^14.21.3 || >=16}

  '@solana/buffer-layout@4.0.1':
    resolution: {integrity: sha512-E1ImOIAD1tBZFRdjeM4/pzTiTApC0AOBGwyAMS4fwIodCWArzJ3DWdoh8cKxeFM2fElkxBh2Aqts1BPC373rHA==}
    engines: {node: '>=5.10'}

  '@solana/codecs-core@2.3.0':
    resolution: {integrity: sha512-oG+VZzN6YhBHIoSKgS5ESM9VIGzhWjEHEGNPSibiDTxFhsFWxNaz8LbMDPjBUE69r9wmdGLkrQ+wVPbnJcZPvw==}
    engines: {node: '>=20.18.0'}
    peerDependencies:
      typescript: '>=5.3.3'

  '@solana/codecs-numbers@2.3.0':
    resolution: {integrity: sha512-jFvvwKJKffvG7Iz9dmN51OGB7JBcy2CJ6Xf3NqD/VP90xak66m/Lg48T01u5IQ/hc15mChVHiBm+HHuOFDUrQg==}
    engines: {node: '>=20.18.0'}
    peerDependencies:
      typescript: '>=5.3.3'

  '@solana/errors@2.3.0':
    resolution: {integrity: sha512-66RI9MAbwYV0UtP7kGcTBVLxJgUxoZGm8Fbc0ah+lGiAw17Gugco6+9GrJCV83VyF2mDWyYnYM9qdI3yjgpnaQ==}
    engines: {node: '>=20.18.0'}
    hasBin: true
    peerDependencies:
      typescript: '>=5.3.3'

  '@solana/web3.js@1.98.4':
    resolution: {integrity: sha512-vv9lfnvjUsRiq//+j5pBdXig0IQdtzA0BRZ3bXEP4KaIyF1CcaydWqgyzQgfZMNIsWNWmG+AUHwPy4AHOD6gpw==}

  '@swc/helpers@0.5.21':
    resolution: {integrity: sha512-jI/VAmtdjB/RnI8GTnokyX7Ug8c+g+ffD6QRLa6XQewtnGyukKkKSk3wLTM3b5cjt1jNh9x0jfVlagdN2gDKQg==}

  '@types/connect@3.4.38':
    resolution: {integrity: sha512-K6uROf1LD88uDQqJCktA4yzL1YYAK6NgfsI0v/mTgyPKWsX1CnJ0XPSDhViejru1GcRkLWb8RlzFYJRqGUbaug==}

  '@types/node@12.20.55':
    resolution: {integrity: sha512-J8xLz7q2OFulZ2cyGTLE1TbbZcjpno7FaN6zdJNrgAdrJ+DZzh/uFR6YrTb4C+nXakvud8Q4+rbhoIWlYQbUFQ==}

  '@types/node@22.19.17':
    resolution: {integrity: sha512-wGdMcf+vPYM6jikpS/qhg6WiqSV/OhG+jeeHT/KlVqxYfD40iYJf9/AE1uQxVWFvU7MipKRkRv8NSHiCGgPr8Q==}

  '@types/uuid@10.0.0':
    resolution: {integrity: sha512-7gqG38EyHgyP1S+7+xomFtL+ZNHcKv6DwNaCZmJmo1vgMugyF3TCnXVg4t1uk89mLNwnLtnY3TpOpCOyp1/xHQ==}

  '@types/ws@7.4.7':
    resolution: {integrity: sha512-JQbbmxZTZehdc2iszGKs5oC3NFnjeay7mtAWrdt7qNtAVK0g19muApzAy4bm9byz79xa2ZnO/BOBC2R8RC5Lww==}

  '@types/ws@8.18.1':
    resolution: {integrity: sha512-ThVF6DCVhA8kUGy+aazFQ4kXQ7E1Ty7A3ypFOe0IcJV8O/M511G99AW24irKrW56Wt44yG9+ij8FaqoBGkuBXg==}

  agentkeepalive@4.6.0:
    resolution: {integrity: sha512-kja8j7PjmncONqaTsB8fQ+wE2mSU2DJ9D4XKoJ5PFWIdRMa6SLSN1ff4mOr4jCbfRSsxR4keIiySJU0N9T5hIQ==}
    engines: {node: '>= 8.0.0'}

  base-x@3.0.11:
    resolution: {integrity: sha512-xz7wQ8xDhdyP7tQxwdteLYeFfS68tSMNCZ/Y37WJ4bhGfKPpqEIlmIyueQHqOyoPhE6xNUqjzRr8ra0eF9VRvA==}

  base64-js@1.5.1:
    resolution: {integrity: sha512-AKpaYlHn8t4SVbOHCy+b5+KKgvR4vrsD8vbvrbiQJps7fKDTkjkDry6ji0rUJjC0kzbNePLwzxq8iypo41qeWA==}

  bn.js@5.2.3:
    resolution: {integrity: sha512-EAcmnPkxpntVL+DS7bO1zhcZNvCkxqtkd0ZY53h06GNQ3DEkkGZ/gKgmDv6DdZQGj9BgfSPKtJJ7Dp1GPP8f7w==}

  borsh@0.7.0:
    resolution: {integrity: sha512-CLCsZGIBCFnPtkNnieW/a8wmreDmfUtjU2m9yHrzPXIlNbqVs0AQrSatSG6vdNYUqdc83tkQi2eHfF98ubzQLA==}

  bs58@4.0.1:
    resolution: {integrity: sha512-Ok3Wdf5vOIlBrgCvTq96gBkJw+JUEzdBgyaza5HLtPm7yTHkjRy8+JzNyHF7BHa0bNWOQIp3m5YF0nnFcOIKLw==}

  buffer@6.0.3:
    resolution: {integrity: sha512-FTiCpNxtwiZZHEZbcbTIcZjERVICn9yq/pDFkTl95/AxzD1naBctN7YO68riM/gLSDY7sdrMby8hofADYuuqOA==}

  bufferutil@4.1.0:
    resolution: {integrity: sha512-ZMANVnAixE6AWWnPzlW2KpUrxhm9woycYvPOo67jWHyFowASTEd9s+QN1EIMsSDtwhIxN4sWE1jotpuDUIgyIw==}
    engines: {node: '>=6.14.2'}

  chalk@5.6.2:
    resolution: {integrity: sha512-7NzBL0rN6fMUW+f7A6Io4h40qQlG+xGmtMxfbnH/K7TAtt8JQWVQK+6g0UXKMeVJoyV5EkkNsErQ8pVD3bLHbA==}
    engines: {node: ^12.17.0 || ^14.13 || >=16.0.0}

  commander@14.0.3:
    resolution: {integrity: sha512-H+y0Jo/T1RZ9qPP4Eh1pkcQcLRglraJaSLoyOtHxu6AapkjWVCy2Sit1QQ4x3Dng8qDlSsZEet7g5Pq06MvTgw==}
    engines: {node: '>=20'}

  commander@2.20.3:
    resolution: {integrity: sha512-GpVkmM8vF2vQUkj2LvZmD35JxeJOLCwJ9cUkugyk2nuhbv3+mJvpLYYt+0+USMxE+oj+ey/lJEnhZw75x/OMcQ==}

  delay@5.0.0:
    resolution: {integrity: sha512-ReEBKkIfe4ya47wlPYf/gu5ib6yUG0/Aez0JQZQz94kiWtRQvZIQbTiehsnwHvLSWJnQdhVeqYue7Id1dKr0qw==}
    engines: {node: '>=10'}

  es6-promise@4.2.8:
    resolution: {integrity: sha512-HJDGx5daxeIvxdBxvG2cb9g4tEvwIk3i8+nhX0yGrYmZUzbkdg8QbDevheDB8gd0//uPj4c1EQua8Q+MViT0/w==}

  es6-promisify@5.0.0:
    resolution: {integrity: sha512-C+d6UdsYDk0lMebHNR4S2NybQMMngAOnOwYBQjTOiv0MkoJMP0Myw2mgpDLBcpfCmRLxyFqYhS/CfOENq4SJhQ==}

  esbuild@0.27.7:
    resolution: {integrity: sha512-IxpibTjyVnmrIQo5aqNpCgoACA/dTKLTlhMHihVHhdkxKyPO1uBBthumT0rdHmcsk9uMonIWS0m4FljWzILh3w==}
    engines: {node: '>=18'}
    hasBin: true

  eventemitter3@5.0.4:
    resolution: {integrity: sha512-mlsTRyGaPBjPedk6Bvw+aqbsXDtoAyAzm5MO7JgU+yVRyMQ5O8bD4Kcci7BS85f93veegeCPkL8R4GLClnjLFw==}

  eyes@0.1.8:
    resolution: {integrity: sha512-GipyPsXO1anza0AOZdy69Im7hGFCNB7Y/NGjDlZGJ3GJJLtwNSb2vrzYrTYJRrRloVx7pl+bhUaTB8yiccPvFQ==}
    engines: {node: '> 0.1.90'}

  fast-stable-stringify@1.0.0:
    resolution: {integrity: sha512-wpYMUmFu5f00Sm0cj2pfivpmawLZ0NKdviQ4w9zJeR8JVtOpOxHmLaJuj0vxvGqMJQWyP/COUkF75/57OKyRag==}

  fsevents@2.3.3:
    resolution: {integrity: sha512-5xoDfX+fL7faATnagmWPpbFtwh/R77WmMMqqHGS65C3vvB0YHrgF+B1YmZ3441tMj5n63k0212XNoJwzlhffQw==}
    engines: {node: ^8.16.0 || ^10.6.0 || >=11.0.0}
    os: [darwin]

  get-tsconfig@4.13.7:
    resolution: {integrity: sha512-7tN6rFgBlMgpBML5j8typ92BKFi2sFQvIdpAqLA2beia5avZDrMs0FLZiM5etShWq5irVyGcGMEA1jcDaK7A/Q==}

  humanize-ms@1.2.1:
    resolution: {integrity: sha512-Fl70vYtsAFb/C06PTS9dZBo7ihau+Tu/DNCk/OyHhea07S+aeMWpFFkUaXRa8fI+ScZbEI8dfSxwY7gxZ9SAVQ==}

  ieee754@1.2.1:
    resolution: {integrity: sha512-dcyqhDvX1C46lXZcVqCpK+FtMRQVdIMN6/Df5js2zouUsqG7I6sFxitIC+7KYK29KdXOLHdu9zL4sFnoVQnqaA==}

  isomorphic-ws@4.0.1:
    resolution: {integrity: sha512-BhBvN2MBpWTaSHdWRb/bwdZJ1WaehQ2L1KngkCkfLUGF0mAWAT1sQUQacEmQ0jXkFw/czDXPNQSL5u2/Krsz1w==}
    peerDependencies:
      ws: '*'

  jayson@4.3.0:
    resolution: {integrity: sha512-AauzHcUcqs8OBnCHOkJY280VaTiCm57AbuO7lqzcw7JapGj50BisE3xhksye4zlTSR1+1tAz67wLTl8tEH1obQ==}
    engines: {node: '>=8'}
    hasBin: true

  json-stringify-safe@5.0.1:
    resolution: {integrity: sha512-ZClg6AaYvamvYEE82d3Iyd3vSSIjQ+odgjaTzRuO3s7toCdFKczob2i0zCh7JE8kWn17yvAWhUVxvqGwUalsRA==}

  ms@2.1.3:
    resolution: {integrity: sha512-6FlzubTLZG3J2a/NVCAleEhjzq5oxgHyaCU9yYXvcLsvoVaHJq/s5xXI6/XXP6tz7R9xAOtHnSO/tXtF3WRTlA==}

  node-fetch@2.7.0:
    resolution: {integrity: sha512-c4FRfUm/dbcWZ7U+1Wq0AwCyFL+3nt2bEw05wfxSz+DWpWsitgmSgYmy2dQdWyKC1694ELPqMs/YzUSNozLt8A==}
    engines: {node: 4.x || >=6.0.0}
    peerDependencies:
      encoding: ^0.1.0
    peerDependenciesMeta:
      encoding:
        optional: true

  node-gyp-build@4.8.4:
    resolution: {integrity: sha512-LA4ZjwlnUblHVgq0oBF3Jl/6h/Nvs5fzBLwdEF4nuxnFdsfajde4WfxtJr3CaiH+F6ewcIB/q4jQ4UzPyid+CQ==}
    hasBin: true

  resolve-pkg-maps@1.0.0:
    resolution: {integrity: sha512-seS2Tj26TBVOC2NIc2rOe2y2ZO7efxITtLZcGSOnHHNOQ7CkiUBfw0Iw2ck6xkIhPwLhKNLS8BO+hEpngQlqzw==}

  rpc-websockets@9.3.8:
    resolution: {integrity: sha512-7r+fm4tSJmLf9GvZfL1DJ1SJwpagpp6AazqM0FUaeV7CA+7+NYINSk1syWa4tU/6OF2CyBicLtzENGmXRJH6wQ==}

  safe-buffer@5.2.1:
    resolution: {integrity: sha512-rp3So07KcdmmKbGvgaNxQSJr7bGVSVk5S9Eq1F+ppbRo70+YeaDxkw5Dd8NPN+GD6bjnYm2VuPuCXmpuYvmCXQ==}

  stream-chain@2.2.5:
    resolution: {integrity: sha512-1TJmBx6aSWqZ4tx7aTpBDXK0/e2hhcNSTV8+CbFJtDjbb+I1mZ8lHit0Grw9GRT+6JbIrrDd8esncgBi8aBXGA==}

  stream-json@1.9.1:
    resolution: {integrity: sha512-uWkjJ+2Nt/LO9Z/JyKZbMusL8Dkh97uUBTv3AJQ74y07lVahLY4eEFsPsE97pxYBwr8nnjMAIch5eqI0gPShyw==}

  superstruct@2.0.2:
    resolution: {integrity: sha512-uV+TFRZdXsqXTL2pRvujROjdZQ4RAlBUS5BTh9IGm+jTqQntYThciG/qu57Gs69yjnVUSqdxF9YLmSnpupBW9A==}
    engines: {node: '>=14.0.0'}

  text-encoding-utf-8@1.0.2:
    resolution: {integrity: sha512-8bw4MY9WjdsD2aMtO0OzOCY3pXGYNx2d2FfHRVUKkiCPDWjKuOlhLVASS+pD7VkLTVjW268LYJHwsnPFlBpbAg==}

  tr46@0.0.3:
    resolution: {integrity: sha512-N3WMsuqV66lT30CrXNbEjx4GEwlow3v6rr4mCcv6prnfwhS01rkgyFdjPNBYd9br7LpXV1+Emh01fHnq2Gdgrw==}

  tslib@2.8.1:
    resolution: {integrity: sha512-oJFu94HQb+KVduSUQL7wnpmqnfmLsOA/nAh6b6EH0wCEoK0/mPeXU6c3wKDV83MkOuHPRHtSXKKU99IBazS/2w==}

  tsx@4.21.0:
    resolution: {integrity: sha512-5C1sg4USs1lfG0GFb2RLXsdpXqBSEhAaA/0kPL01wxzpMqLILNxIxIOKiILz+cdg/pLnOUxFYOR5yhHU666wbw==}
    engines: {node: '>=18.0.0'}
    hasBin: true

  typescript@5.9.3:
    resolution: {integrity: sha512-jl1vZzPDinLr9eUt3J/t7V6FgNEw9QjvBPdysz9KfQDD41fQrC2Y4vKQdiaUpFT4bXlb1RHhLpp8wtm6M5TgSw==}
    engines: {node: '>=14.17'}
    hasBin: true

  undici-types@6.21.0:
    resolution: {integrity: sha512-iwDZqg0QAGrg9Rav5H4n0M64c3mkR59cJ6wQp+7C4nI0gsmExaedaYLNO44eT4AtBBwjbTiGPMlt2Md0T9H9JQ==}

  utf-8-validate@6.0.6:
    resolution: {integrity: sha512-q3l3P9UtEEiAHcsgsqTgf9PPjctrDWoIXW3NpOHFdRDbLvu4DLIcxHangJ4RLrWkBcKjmcs/6NkerI8T/rE4LA==}
    engines: {node: '>=6.14.2'}

  uuid@11.1.0:
    resolution: {integrity: sha512-0/A9rDy9P7cJ+8w1c9WD9V//9Wj15Ce2MPz8Ri6032usz+NfePxx5AcN3bN+r6ZL6jEo066/yNYB3tn4pQEx+A==}
    hasBin: true

  uuid@8.3.2:
    resolution: {integrity: sha512-+NYs2QeMWy+GWFOEm9xnn6HCDp0l7QBD7ml8zLUmJ+93Q5NF0NocErnwkTkXVFNiX3/fpC6afS8Dhb/gz7R7eg==}
    hasBin: true

  webidl-conversions@3.0.1:
    resolution: {integrity: sha512-2JAn3z8AR6rjK8Sm8orRC0h/bcl/DqL7tRPdGZ4I1CjdF+EaMLmYxBHyXuKL849eucPFhvBoxMsflfOb8kxaeQ==}

  whatwg-url@5.0.0:
    resolution: {integrity: sha512-saE57nupxk6v3HY35+jzBwYa0rKSy0XR8JSxZPwgLr7ys0IBzhGviA1/TUGJLmSVqs8pb9AnvICXEuOHLprYTw==}

  ws@7.5.10:
    resolution: {integrity: sha512-+dbF1tHwZpXcbOJdVOkzLDxZP1ailvSxM6ZweXTegylPny803bFhA+vqBYw4s31NSAk4S2Qz+AKXK9a4wkdjcQ==}
    engines: {node: '>=8.3.0'}
    peerDependencies:
      bufferutil: ^4.0.1
      utf-8-validate: ^5.0.2
    peerDependenciesMeta:
      bufferutil:
        optional: true
      utf-8-validate:
        optional: true

  ws@8.20.0:
    resolution: {integrity: sha512-sAt8BhgNbzCtgGbt2OxmpuryO63ZoDk/sqaB/znQm94T4fCEsy/yV+7CdC1kJhOU9lboAEU7R3kquuycDoibVA==}
    engines: {node: '>=10.0.0'}
    peerDependencies:
      bufferutil: ^4.0.1
      utf-8-validate: '>=5.0.2'
    peerDependenciesMeta:
      bufferutil:
        optional: true
      utf-8-validate:
        optional: true

  yaml@2.8.3:
    resolution: {integrity: sha512-AvbaCLOO2Otw/lW5bmh9d/WEdcDFdQp2Z2ZUH3pX9U2ihyUY0nvLv7J6TrWowklRGPYbB/IuIMfYgxaCPg5Bpg==}
    engines: {node: '>= 14.6'}
    hasBin: true

snapshots:

  '@babel/runtime@7.29.2': {}

  '@esbuild/aix-ppc64@0.27.7':
    optional: true

  '@esbuild/android-arm64@0.27.7':
    optional: true

  '@esbuild/android-arm@0.27.7':
    optional: true

  '@esbuild/android-x64@0.27.7':
    optional: true

  '@esbuild/darwin-arm64@0.27.7':
    optional: true

  '@esbuild/darwin-x64@0.27.7':
    optional: true

  '@esbuild/freebsd-arm64@0.27.7':
    optional: true

  '@esbuild/freebsd-x64@0.27.7':
    optional: true

  '@esbuild/linux-arm64@0.27.7':
    optional: true

  '@esbuild/linux-arm@0.27.7':
    optional: true

  '@esbuild/linux-ia32@0.27.7':
    optional: true

  '@esbuild/linux-loong64@0.27.7':
    optional: true

  '@esbuild/linux-mips64el@0.27.7':
    optional: true

  '@esbuild/linux-ppc64@0.27.7':
    optional: true

  '@esbuild/linux-riscv64@0.27.7':
    optional: true

  '@esbuild/linux-s390x@0.27.7':
    optional: true

  '@esbuild/linux-x64@0.27.7':
    optional: true

  '@esbuild/netbsd-arm64@0.27.7':
    optional: true

  '@esbuild/netbsd-x64@0.27.7':
    optional: true

  '@esbuild/openbsd-arm64@0.27.7':
    optional: true

  '@esbuild/openbsd-x64@0.27.7':
    optional: true

  '@esbuild/openharmony-arm64@0.27.7':
    optional: true

  '@esbuild/sunos-x64@0.27.7':
    optional: true

  '@esbuild/win32-arm64@0.27.7':
    optional: true

  '@esbuild/win32-ia32@0.27.7':
    optional: true

  '@esbuild/win32-x64@0.27.7':
    optional: true

  '@metaplex-foundation/mpl-core@1.9.1(@metaplex-foundation/umi@1.5.1)(@noble/hashes@1.8.0)':
    dependencies:
      '@metaplex-foundation/umi': 1.5.1
      '@msgpack/msgpack': 3.1.3
      '@noble/hashes': 1.8.0

  '@metaplex-foundation/umi-bundle-defaults@1.5.1(@metaplex-foundation/umi@1.5.1)(@solana/web3.js@1.98.4(bufferutil@4.1.0)(typescript@5.9.3)(utf-8-validate@6.0.6))':
    dependencies:
      '@metaplex-foundation/umi': 1.5.1
      '@metaplex-foundation/umi-downloader-http': 1.5.1(@metaplex-foundation/umi@1.5.1)
      '@metaplex-foundation/umi-eddsa-web3js': 1.5.1(@metaplex-foundation/umi@1.5.1)(@solana/web3.js@1.98.4(bufferutil@4.1.0)(typescript@5.9.3)(utf-8-validate@6.0.6))
      '@metaplex-foundation/umi-http-fetch': 1.5.1(@metaplex-foundation/umi@1.5.1)
      '@metaplex-foundation/umi-program-repository': 1.5.1(@metaplex-foundation/umi@1.5.1)
      '@metaplex-foundation/umi-rpc-chunk-get-accounts': 1.5.1(@metaplex-foundation/umi@1.5.1)
      '@metaplex-foundation/umi-rpc-web3js': 1.5.1(@metaplex-foundation/umi@1.5.1)(@solana/web3.js@1.98.4(bufferutil@4.1.0)(typescript@5.9.3)(utf-8-validate@6.0.6))
      '@metaplex-foundation/umi-serializer-data-view': 1.5.1(@metaplex-foundation/umi@1.5.1)
      '@metaplex-foundation/umi-transaction-factory-web3js': 1.5.1(@metaplex-foundation/umi@1.5.1)(@solana/web3.js@1.98.4(bufferutil@4.1.0)(typescript@5.9.3)(utf-8-validate@6.0.6))
      '@solana/web3.js': 1.98.4(bufferutil@4.1.0)(typescript@5.9.3)(utf-8-validate@6.0.6)
    transitivePeerDependencies:
      - encoding

  '@metaplex-foundation/umi-downloader-http@1.5.1(@metaplex-foundation/umi@1.5.1)':
    dependencies:
      '@metaplex-foundation/umi': 1.5.1

  '@metaplex-foundation/umi-eddsa-web3js@1.5.1(@metaplex-foundation/umi@1.5.1)(@solana/web3.js@1.98.4(bufferutil@4.1.0)(typescript@5.9.3)(utf-8-validate@6.0.6))':
    dependencies:
      '@metaplex-foundation/umi': 1.5.1
      '@metaplex-foundation/umi-web3js-adapters': 1.5.1(@metaplex-foundation/umi@1.5.1)(@solana/web3.js@1.98.4(bufferutil@4.1.0)(typescript@5.9.3)(utf-8-validate@6.0.6))
      '@noble/curves': 1.9.7
      '@solana/web3.js': 1.98.4(bufferutil@4.1.0)(typescript@5.9.3)(utf-8-validate@6.0.6)
      yaml: 2.8.3

  '@metaplex-foundation/umi-http-fetch@1.5.1(@metaplex-foundation/umi@1.5.1)':
    dependencies:
      '@metaplex-foundation/umi': 1.5.1
      node-fetch: 2.7.0
    transitivePeerDependencies:
      - encoding

  '@metaplex-foundation/umi-options@1.5.1': {}

  '@metaplex-foundation/umi-program-repository@1.5.1(@metaplex-foundation/umi@1.5.1)':
    dependencies:
      '@metaplex-foundation/umi': 1.5.1

  '@metaplex-foundation/umi-public-keys@1.5.1':
    dependencies:
      '@metaplex-foundation/umi-serializers-encodings': 1.5.1

  '@metaplex-foundation/umi-rpc-chunk-get-accounts@1.5.1(@metaplex-foundation/umi@1.5.1)':
    dependencies:
      '@metaplex-foundation/umi': 1.5.1

  '@metaplex-foundation/umi-rpc-web3js@1.5.1(@metaplex-foundation/umi@1.5.1)(@solana/web3.js@1.98.4(bufferutil@4.1.0)(typescript@5.9.3)(utf-8-validate@6.0.6))':
    dependencies:
      '@metaplex-foundation/umi': 1.5.1
      '@metaplex-foundation/umi-web3js-adapters': 1.5.1(@metaplex-foundation/umi@1.5.1)(@solana/web3.js@1.98.4(bufferutil@4.1.0)(typescript@5.9.3)(utf-8-validate@6.0.6))
      '@solana/web3.js': 1.98.4(bufferutil@4.1.0)(typescript@5.9.3)(utf-8-validate@6.0.6)

  '@metaplex-foundation/umi-serializer-data-view@1.5.1(@metaplex-foundation/umi@1.5.1)':
    dependencies:
      '@metaplex-foundation/umi': 1.5.1

  '@metaplex-foundation/umi-serializers-core@1.5.1': {}

  '@metaplex-foundation/umi-serializers-encodings@1.5.1':
    dependencies:
      '@metaplex-foundation/umi-serializers-core': 1.5.1

  '@metaplex-foundation/umi-serializers-numbers@1.5.1':
    dependencies:
      '@metaplex-foundation/umi-serializers-core': 1.5.1

  '@metaplex-foundation/umi-serializers@1.5.1':
    dependencies:
      '@metaplex-foundation/umi-options': 1.5.1
      '@metaplex-foundation/umi-public-keys': 1.5.1
      '@metaplex-foundation/umi-serializers-core': 1.5.1
      '@metaplex-foundation/umi-serializers-encodings': 1.5.1
      '@metaplex-foundation/umi-serializers-numbers': 1.5.1

  '@metaplex-foundation/umi-transaction-factory-web3js@1.5.1(@metaplex-foundation/umi@1.5.1)(@solana/web3.js@1.98.4(bufferutil@4.1.0)(typescript@5.9.3)(utf-8-validate@6.0.6))':
    dependencies:
      '@metaplex-foundation/umi': 1.5.1
      '@metaplex-foundation/umi-web3js-adapters': 1.5.1(@metaplex-foundation/umi@1.5.1)(@solana/web3.js@1.98.4(bufferutil@4.1.0)(typescript@5.9.3)(utf-8-validate@6.0.6))
      '@solana/web3.js': 1.98.4(bufferutil@4.1.0)(typescript@5.9.3)(utf-8-validate@6.0.6)

  '@metaplex-foundation/umi-web3js-adapters@1.5.1(@metaplex-foundation/umi@1.5.1)(@solana/web3.js@1.98.4(bufferutil@4.1.0)(typescript@5.9.3)(utf-8-validate@6.0.6))':
    dependencies:
      '@metaplex-foundation/umi': 1.5.1
      '@solana/web3.js': 1.98.4(bufferutil@4.1.0)(typescript@5.9.3)(utf-8-validate@6.0.6)
      buffer: 6.0.3

  '@metaplex-foundation/umi@1.5.1':
    dependencies:
      '@metaplex-foundation/umi-options': 1.5.1
      '@metaplex-foundation/umi-public-keys': 1.5.1
      '@metaplex-foundation/umi-serializers': 1.5.1

  '@msgpack/msgpack@3.1.3': {}

  '@noble/curves@1.9.7':
    dependencies:
      '@noble/hashes': 1.8.0

  '@noble/hashes@1.8.0': {}

  '@solana/buffer-layout@4.0.1':
    dependencies:
      buffer: 6.0.3

  '@solana/codecs-core@2.3.0(typescript@5.9.3)':
    dependencies:
      '@solana/errors': 2.3.0(typescript@5.9.3)
      typescript: 5.9.3

  '@solana/codecs-numbers@2.3.0(typescript@5.9.3)':
    dependencies:
      '@solana/codecs-core': 2.3.0(typescript@5.9.3)
      '@solana/errors': 2.3.0(typescript@5.9.3)
      typescript: 5.9.3

  '@solana/errors@2.3.0(typescript@5.9.3)':
    dependencies:
      chalk: 5.6.2
      commander: 14.0.3
      typescript: 5.9.3

  '@solana/web3.js@1.98.4(bufferutil@4.1.0)(typescript@5.9.3)(utf-8-validate@6.0.6)':
    dependencies:
      '@babel/runtime': 7.29.2
      '@noble/curves': 1.9.7
      '@noble/hashes': 1.8.0
      '@solana/buffer-layout': 4.0.1
      '@solana/codecs-numbers': 2.3.0(typescript@5.9.3)
      agentkeepalive: 4.6.0
      bn.js: 5.2.3
      borsh: 0.7.0
      bs58: 4.0.1
      buffer: 6.0.3
      fast-stable-stringify: 1.0.0
      jayson: 4.3.0(bufferutil@4.1.0)(utf-8-validate@6.0.6)
      node-fetch: 2.7.0
      rpc-websockets: 9.3.8
      superstruct: 2.0.2
    transitivePeerDependencies:
      - bufferutil
      - encoding
      - typescript
      - utf-8-validate

  '@swc/helpers@0.5.21':
    dependencies:
      tslib: 2.8.1

  '@types/connect@3.4.38':
    dependencies:
      '@types/node': 22.19.17

  '@types/node@12.20.55': {}

  '@types/node@22.19.17':
    dependencies:
      undici-types: 6.21.0

  '@types/uuid@10.0.0': {}

  '@types/ws@7.4.7':
    dependencies:
      '@types/node': 22.19.17

  '@types/ws@8.18.1':
    dependencies:
      '@types/node': 22.19.17

  agentkeepalive@4.6.0:
    dependencies:
      humanize-ms: 1.2.1

  base-x@3.0.11:
    dependencies:
      safe-buffer: 5.2.1

  base64-js@1.5.1: {}

  bn.js@5.2.3: {}

  borsh@0.7.0:
    dependencies:
      bn.js: 5.2.3
      bs58: 4.0.1
      text-encoding-utf-8: 1.0.2

  bs58@4.0.1:
    dependencies:
      base-x: 3.0.11

  buffer@6.0.3:
    dependencies:
      base64-js: 1.5.1
      ieee754: 1.2.1

  bufferutil@4.1.0:
    dependencies:
      node-gyp-build: 4.8.4
    optional: true

  chalk@5.6.2: {}

  commander@14.0.3: {}

  commander@2.20.3: {}

  delay@5.0.0: {}

  es6-promise@4.2.8: {}

  es6-promisify@5.0.0:
    dependencies:
      es6-promise: 4.2.8

  esbuild@0.27.7:
    optionalDependencies:
      '@esbuild/aix-ppc64': 0.27.7
      '@esbuild/android-arm': 0.27.7
      '@esbuild/android-arm64': 0.27.7
      '@esbuild/android-x64': 0.27.7
      '@esbuild/darwin-arm64': 0.27.7
      '@esbuild/darwin-x64': 0.27.7
      '@esbuild/freebsd-arm64': 0.27.7
      '@esbuild/freebsd-x64': 0.27.7
      '@esbuild/linux-arm': 0.27.7
      '@esbuild/linux-arm64': 0.27.7
      '@esbuild/linux-ia32': 0.27.7
      '@esbuild/linux-loong64': 0.27.7
      '@esbuild/linux-mips64el': 0.27.7
      '@esbuild/linux-ppc64': 0.27.7
      '@esbuild/linux-riscv64': 0.27.7
      '@esbuild/linux-s390x': 0.27.7
      '@esbuild/linux-x64': 0.27.7
      '@esbuild/netbsd-arm64': 0.27.7
      '@esbuild/netbsd-x64': 0.27.7
      '@esbuild/openbsd-arm64': 0.27.7
      '@esbuild/openbsd-x64': 0.27.7
      '@esbuild/openharmony-arm64': 0.27.7
      '@esbuild/sunos-x64': 0.27.7
      '@esbuild/win32-arm64': 0.27.7
      '@esbuild/win32-ia32': 0.27.7
      '@esbuild/win32-x64': 0.27.7

  eventemitter3@5.0.4: {}

  eyes@0.1.8: {}

  fast-stable-stringify@1.0.0: {}

  fsevents@2.3.3:
    optional: true

  get-tsconfig@4.13.7:
    dependencies:
      resolve-pkg-maps: 1.0.0

  humanize-ms@1.2.1:
    dependencies:
      ms: 2.1.3

  ieee754@1.2.1: {}

  isomorphic-ws@4.0.1(ws@7.5.10(bufferutil@4.1.0)(utf-8-validate@6.0.6)):
    dependencies:
      ws: 7.5.10(bufferutil@4.1.0)(utf-8-validate@6.0.6)

  jayson@4.3.0(bufferutil@4.1.0)(utf-8-validate@6.0.6):
    dependencies:
      '@types/connect': 3.4.38
      '@types/node': 12.20.55
      '@types/ws': 7.4.7
      commander: 2.20.3
      delay: 5.0.0
      es6-promisify: 5.0.0
      eyes: 0.1.8
      isomorphic-ws: 4.0.1(ws@7.5.10(bufferutil@4.1.0)(utf-8-validate@6.0.6))
      json-stringify-safe: 5.0.1
      stream-json: 1.9.1
      uuid: 8.3.2
      ws: 7.5.10(bufferutil@4.1.0)(utf-8-validate@6.0.6)
    transitivePeerDependencies:
      - bufferutil
      - utf-8-validate

  json-stringify-safe@5.0.1: {}

  ms@2.1.3: {}

  node-fetch@2.7.0:
    dependencies:
      whatwg-url: 5.0.0

  node-gyp-build@4.8.4:
    optional: true

  resolve-pkg-maps@1.0.0: {}

  rpc-websockets@9.3.8:
    dependencies:
      '@swc/helpers': 0.5.21
      '@types/uuid': 10.0.0
      '@types/ws': 8.18.1
      buffer: 6.0.3
      eventemitter3: 5.0.4
      uuid: 11.1.0
      ws: 8.20.0(bufferutil@4.1.0)(utf-8-validate@6.0.6)
    optionalDependencies:
      bufferutil: 4.1.0
      utf-8-validate: 6.0.6

  safe-buffer@5.2.1: {}

  stream-chain@2.2.5: {}

  stream-json@1.9.1:
    dependencies:
      stream-chain: 2.2.5

  superstruct@2.0.2: {}

  text-encoding-utf-8@1.0.2: {}

  tr46@0.0.3: {}

  tslib@2.8.1: {}

  tsx@4.21.0:
    dependencies:
      esbuild: 0.27.7
      get-tsconfig: 4.13.7
    optionalDependencies:
      fsevents: 2.3.3

  typescript@5.9.3: {}

  undici-types@6.21.0: {}

  utf-8-validate@6.0.6:
    dependencies:
      node-gyp-build: 4.8.4
    optional: true

  uuid@11.1.0: {}

  uuid@8.3.2: {}

  webidl-conversions@3.0.1: {}

  whatwg-url@5.0.0:
    dependencies:
      tr46: 0.0.3
      webidl-conversions: 3.0.1

  ws@7.5.10(bufferutil@4.1.0)(utf-8-validate@6.0.6):
    optionalDependencies:
      bufferutil: 4.1.0
      utf-8-validate: 6.0.6

  ws@8.20.0(bufferutil@4.1.0)(utf-8-validate@6.0.6):
    optionalDependencies:
      bufferutil: 4.1.0
      utf-8-validate: 6.0.6

  yaml@2.8.3: {}
